# This file was autogenerated by Stack.
# You should not edit this file by hand.
# For more information, please see the documentation at:
#   https://docs.haskellstack.org/en/stable/lock_files

packages:
- completed:
    hackage: capability-0.5.0.1@sha256:b473671593696e8edf5867058e2e4957fade1f37a6b18eabc84fa3b4af2857cd,3286
    pantry-tree:
      sha256: 827be73d15890d16779faedddaccff2f375d18701ce59d7fe93625133d0786f0
      size: 2504
  original:
    hackage: capability-0.5.0.1@sha256:b473671593696e8edf5867058e2e4957fade1f37a6b18eabc84fa3b4af2857cd,3286
- completed:
    hackage: constraints-0.13.4@sha256:0d8834307bb6798ac937955c00155c26d671b5df147f5622d335d1094290fd36,2504
    pantry-tree:
      sha256: c74dab1ffbdd096ee0d71ce9662be556d8d37d7d65428de565a062efc8dd64f0
      size: 867
  original:
    hackage: constraints-0.13.4@sha256:0d8834307bb6798ac937955c00155c26d671b5df147f5622d335d1094290fd36,2504
snapshots:
- completed:
    sha256: 3e184a8f5e751ba159db999ce1bebe45143ce8422b525b4d2de6d9b849d203c9
    size: 720269
    url: https://raw.githubusercontent.com/commercialhaskell/stackage-snapshots/master/lts/22/42.yaml
  original:
    url: https://raw.githubusercontent.com/commercialhaskell/stackage-snapshots/master/lts/22/42.yaml
